
Microsoft Visual Studio Solution File, Format Version 12.00
# Visual Studio Version 16
VisualStudioVersion = 16.0.29418.71
MinimumVisualStudioVersion = 10.0.40219.1
Project("{9A19103F-16F7-4668-BE54-9A1E7A4F7556}") = "Worker", "Worker\Worker.csproj", "{C7676270-FBC8-4FFF-B066-7BB55A0C6804}"
EndProject
Project("{FAE04EC0-301F-11D3-BF4B-00C04F79EFBC}") = "Worker.BLL", "Worker.BLL\Worker.BLL.csproj", "{DD8E7023-10FE-4F9D-B255-577D0980C005}"
EndProject
Project("{FAE04EC0-301F-11D3-BF4B-00C04F79EFBC}") = "Worker.DAL", "Worker.DAL\Worker.DAL.csproj", "{A9EF20B1-FE5B-433A-BF62-95427E4B452B}"
EndProject
Global
	GlobalSection(SolutionConfigurationPlatforms) = preSolution
		Debug|Any CPU = Debug|Any CPU
		Release|Any CPU = Release|Any CPU
	EndGlobalSection
	GlobalSection(ProjectConfigurationPlatforms) = postSolution
		{C7676270-FBC8-4FFF-B066-7BB55A0C6804}.Debug|Any CPU.ActiveCfg = Debug|Any CPU
		{C7676270-FBC8-4FFF-B066-7BB55A0C6804}.Debug|Any CPU.Build.0 = Debug|Any CPU
		{C7676270-FBC8-4FFF-B066-7BB55A0C6804}.Release|Any CPU.ActiveCfg = Release|Any CPU
		{C7676270-FBC8-4FFF-B066-7BB55A0C6804}.Release|Any CPU.Build.0 = Release|Any CPU
		{DD8E7023-10FE-4F9D-B255-577D0980C005}.Debug|Any CPU.ActiveCfg = Debug|Any CPU
		{DD8E7023-10FE-4F9D-B255-577D0980C005}.Debug|Any CPU.Build.0 = Debug|Any CPU
		{DD8E7023-10FE-4F9D-B255-577D0980C005}.Release|Any CPU.ActiveCfg = Release|Any CPU
		{DD8E7023-10FE-4F9D-B255-577D0980C005}.Release|Any CPU.Build.0 = Release|Any CPU
		{A9EF20B1-FE5B-433A-BF62-95427E4B452B}.Debug|Any CPU.ActiveCfg = Debug|Any CPU
		{A9EF20B1-FE5B-433A-BF62-95427E4B452B}.Debug|Any CPU.Build.0 = Debug|Any CPU
		{A9EF20B1-FE5B-433A-BF62-95427E4B452B}.Release|Any CPU.ActiveCfg = Release|Any CPU
		{A9EF20B1-FE5B-433A-BF62-95427E4B452B}.Release|Any CPU.Build.0 = Release|Any CPU
	EndGlobalSection
	GlobalSection(SolutionProperties) = preSolution
		HideSolutionNode = FALSE
	EndGlobalSection
	GlobalSection(ExtensibilityGlobals) = postSolution
		SolutionGuid = {3C09A2EA-BD1A-4216-904C-4CDAE4999DCA}
	EndGlobalSection
EndGlobal
